
Microsoft Visual Studio Solution File, Format Version 12.00
# Visual Studio Version 16
VisualStudioVersion = 16.0.29201.188
MinimumVisualStudioVersion = 10.0.40219.1
Project("{FAE04EC0-301F-11D3-BF4B-00C04F79EFBC}") = "MicroOndasDigital", "MicroOndasDigital.csproj", "{5FA79075-7585-4D55-99B4-E8D8B7FCEE6C}"
EndProject
Project("{FAE04EC0-301F-11D3-BF4B-00C04F79EFBC}") = "BLL", "..\BLL\BLL.csproj", "{DEF1D2BA-D6E5-417B-917D-F17B48E9D44D}"
EndProject
Project("{FAE04EC0-301F-11D3-BF4B-00C04F79EFBC}") = "Models", "..\Models\Models.csproj", "{13F29798-BB84-4F65-A7FE-AB022BBA9649}"
EndProject
Global
	GlobalSection(SolutionConfigurationPlatforms) = preSolution
		Debug|Any CPU = Debug|Any CPU
		Release|Any CPU = Release|Any CPU
	EndGlobalSection
	GlobalSection(ProjectConfigurationPlatforms) = postSolution
		{5FA79075-7585-4D55-99B4-E8D8B7FCEE6C}.Debug|Any CPU.ActiveCfg = Debug|Any CPU
		{5FA79075-7585-4D55-99B4-E8D8B7FCEE6C}.Debug|Any CPU.Build.0 = Debug|Any CPU
		{5FA79075-7585-4D55-99B4-E8D8B7FCEE6C}.Release|Any CPU.ActiveCfg = Release|Any CPU
		{5FA79075-7585-4D55-99B4-E8D8B7FCEE6C}.Release|Any CPU.Build.0 = Release|Any CPU
		{DEF1D2BA-D6E5-417B-917D-F17B48E9D44D}.Debug|Any CPU.ActiveCfg = Debug|Any CPU
		{DEF1D2BA-D6E5-417B-917D-F17B48E9D44D}.Debug|Any CPU.Build.0 = Debug|Any CPU
		{DEF1D2BA-D6E5-417B-917D-F17B48E9D44D}.Release|Any CPU.ActiveCfg = Release|Any CPU
		{DEF1D2BA-D6E5-417B-917D-F17B48E9D44D}.Release|Any CPU.Build.0 = Release|Any CPU
		{13F29798-BB84-4F65-A7FE-AB022BBA9649}.Debug|Any CPU.ActiveCfg = Debug|Any CPU
		{13F29798-BB84-4F65-A7FE-AB022BBA9649}.Debug|Any CPU.Build.0 = Debug|Any CPU
		{13F29798-BB84-4F65-A7FE-AB022BBA9649}.Release|Any CPU.ActiveCfg = Release|Any CPU
		{13F29798-BB84-4F65-A7FE-AB022BBA9649}.Release|Any CPU.Build.0 = Release|Any CPU
	EndGlobalSection
	GlobalSection(SolutionProperties) = preSolution
		HideSolutionNode = FALSE
	EndGlobalSection
	GlobalSection(ExtensibilityGlobals) = postSolution
		SolutionGuid = {EEEF621D-3DDB-40F1-A774-373CF20E6D1D}
	EndGlobalSection
EndGlobal
